
Microsoft Visual Studio Solution File, Format Version 12.00
# Visual Studio Version 16
VisualStudioVersion = 16.0.30413.136
MinimumVisualStudioVersion = 10.0.40219.1
Project("{FAE04EC0-301F-11D3-BF4B-00C04F79EFBC}") = "P.E.9-6a", "P.E.9-6a\P.E.9-6a.csproj", "{8B911E50-2E8D-42B3-9912-31A0DCA62D6A}"
EndProject
Global
	GlobalSection(SolutionConfigurationPlatforms) = preSolution
		Debug|Any CPU = Debug|Any CPU
		Release|Any CPU = Release|Any CPU
	EndGlobalSection
	GlobalSection(ProjectConfigurationPlatforms) = postSolution
		{8B911E50-2E8D-42B3-9912-31A0DCA62D6A}.Debug|Any CPU.ActiveCfg = Debug|Any CPU
		{8B911E50-2E8D-42B3-9912-31A0DCA62D6A}.Debug|Any CPU.Build.0 = Debug|Any CPU
		{8B911E50-2E8D-42B3-9912-31A0DCA62D6A}.Release|Any CPU.ActiveCfg = Release|Any CPU
		{8B911E50-2E8D-42B3-9912-31A0DCA62D6A}.Release|Any CPU.Build.0 = Release|Any CPU
	EndGlobalSection
	GlobalSection(SolutionProperties) = preSolution
		HideSolutionNode = FALSE
	EndGlobalSection
	GlobalSection(ExtensibilityGlobals) = postSolution
		SolutionGuid = {E1F52733-9A20-45ED-ABFA-5357C1F310AB}
	EndGlobalSection
EndGlobal
