
Microsoft Visual Studio Solution File, Format Version 12.00
# Visual Studio Version 16
VisualStudioVersion = 16.0.30413.136
MinimumVisualStudioVersion = 10.0.40219.1
Project("{FAE04EC0-301F-11D3-BF4B-00C04F79EFBC}") = "Base_Abstract_Interfaces_Extension", "Base_Abstract_Interfaces_Extension\Base_Abstract_Interfaces_Extension.csproj", "{47EDF206-8114-4873-B178-3F63C0DF00FA}"
EndProject
Global
	GlobalSection(SolutionConfigurationPlatforms) = preSolution
		Debug|Any CPU = Debug|Any CPU
		Release|Any CPU = Release|Any CPU
	EndGlobalSection
	GlobalSection(ProjectConfigurationPlatforms) = postSolution
		{47EDF206-8114-4873-B178-3F63C0DF00FA}.Debug|Any CPU.ActiveCfg = Debug|Any CPU
		{47EDF206-8114-4873-B178-3F63C0DF00FA}.Debug|Any CPU.Build.0 = Debug|Any CPU
		{47EDF206-8114-4873-B178-3F63C0DF00FA}.Release|Any CPU.ActiveCfg = Release|Any CPU
		{47EDF206-8114-4873-B178-3F63C0DF00FA}.Release|Any CPU.Build.0 = Release|Any CPU
	EndGlobalSection
	GlobalSection(SolutionProperties) = preSolution
		HideSolutionNode = FALSE
	EndGlobalSection
	GlobalSection(ExtensibilityGlobals) = postSolution
		SolutionGuid = {013FD411-72FE-41A0-A2D6-5CAA1F04610B}
	EndGlobalSection
EndGlobal
